<?xml version="1.0" encoding="utf-8"?>
<Project ToolsVersion="4.0" xmlns="http://schemas.microsoft.com/developer/msbuild/2003">
  <ItemGroup>
    <ClCompile Include="AssDebug.cpp">
      <Filter>Source Files</Filter>
    </ClCompile>
    <ClCompile Include="AssEntry.cpp">
      <Filter>Source Files</Filter>
    </ClCompile>
    <ClCompile Include="AssFilter.cpp">
      <Filter>Source Files</Filter>
    </ClCompile>
    <ClCompile Include="AssFilterSettingsProps.cpp">
      <Filter>Source Files</Filter>
    </ClCompile>
    <ClCompile Include="AssPin.cpp">
      <Filter>Source Files</Filter>
    </ClCompile>
    <ClCompile Include="registry.cpp">
      <Filter>Source Files</Filter>
    </ClCompile>
    <ClCompile Include="stdafx.cpp">
      <Filter>Source Files</Filter>
    </ClCompile>
    <ClCompile Include="SubFrame.cpp">
      <Filter>Source Files</Filter>
    </ClCompile>
    <ClCompile Include="Tools.cpp">
      <Filter>Source Files</Filter>
    </ClCompile>
    <ClCompile Include="AssFilterAutoLoader.cpp">
      <Filter>Source Files</Filter>
    </ClCompile>
    <ClCompile Include="BaseDSPropPage.cpp">
      <Filter>Source Files</Filter>
    </ClCompile>
    <ClCompile Include="BaseTrayIcon.cpp">
      <Filter>Source Files</Filter>
    </ClCompile>
    <ClCompile Include="AssFilterTrayIcon.cpp">
      <Filter>Source Files</Filter>
    </ClCompile>
    <ClCompile Include="PopupMenu.cpp">
      <Filter>Source Files</Filter>
    </ClCompile>
    <ClCompile Include="FontInstaller.cpp">
      <Filter>Source Files</Filter>
    </ClCompile>
  </ItemGroup>
  <ItemGroup>
    <ClInclude Include="AssDebug.h">
      <Filter>Header Files</Filter>
    </ClInclude>
    <ClInclude Include="AssFilter.h">
      <Filter>Header Files</Filter>
    </ClInclude>
    <ClInclude Include="AssFilterSettings.h">
      <Filter>Header Files</Filter>
    </ClInclude>
    <ClInclude Include="AssFilterSettingsProps.h">
      <Filter>Header Files</Filter>
    </ClInclude>
    <ClInclude Include="AssPin.h">
      <Filter>Header Files</Filter>
    </ClInclude>
    <ClInclude Include="ISpecifyPropertyPages2.h">
      <Filter>Header Files</Filter>
    </ClInclude>
    <ClInclude Include="registry.h">
      <Filter>Header Files</Filter>
    </ClInclude>
    <ClInclude Include="resource.h">
      <Filter>Header Files</Filter>
    </ClInclude>
    <ClInclude Include="stdafx.h">
      <Filter>Header Files</Filter>
    </ClInclude>
    <ClInclude Include="SubFrame.h">
      <Filter>Header Files</Filter>
    </ClInclude>
    <ClInclude Include="SubRenderIntf.h">
      <Filter>Header Files</Filter>
    </ClInclude>
    <ClInclude Include="Tools.h">
      <Filter>Header Files</Filter>
    </ClInclude>
    <ClInclude Include="version.h">
      <Filter>Header Files</Filter>
    </ClInclude>
    <ClInclude Include="AssFilterAutoLoader.h">
      <Filter>Header Files</Filter>
    </ClInclude>
    <ClInclude Include="utf8.h">
      <Filter>Header Files</Filter>
    </ClInclude>
    <ClInclude Include="BaseDSPropPage.h">
      <Filter>Header Files</Filter>
    </ClInclude>
    <ClInclude Include="BaseTrayIcon.h">
      <Filter>Header Files</Filter>
    </ClInclude>
    <ClInclude Include="AssFilterTrayIcon.h">
      <Filter>Header Files</Filter>
    </ClInclude>
    <ClInclude Include="PopupMenu.h">
      <Filter>Header Files</Filter>
    </ClInclude>
    <ClInclude Include="ExtSubStruct.h">
      <Filter>Header Files</Filter>
    </ClInclude>
    <ClInclude Include="FontInstaller.h">
      <Filter>Header Files</Filter>
    </ClInclude>
  </ItemGroup>
  <ItemGroup>
    <Filter Include="Header Files">
      <UniqueIdentifier>{ffcc2e31-e77a-435b-9b19-681ca92ee4bd}</UniqueIdentifier>
    </Filter>
    <Filter Include="Source Files">
      <UniqueIdentifier>{cdca69c4-14cf-404e-9756-026948116713}</UniqueIdentifier>
    </Filter>
    <Filter Include="Resource Files">
      <UniqueIdentifier>{f70d5522-275e-44d0-9bbc-5c1bfabc26a3}</UniqueIdentifier>
    </Filter>
  </ItemGroup>
  <ItemGroup>
    <Image Include="icon1.ico">
      <Filter>Resource Files</Filter>
    </Image>
  </ItemGroup>
  <ItemGroup>
    <ResourceCompile Include="AssFilter.rc">
      <Filter>Resource Files</Filter>
    </ResourceCompile>
  </ItemGroup>
</Project>