<?xml version="1.0" encoding="utf-8"?>
<Project ToolsVersion="4.0" xmlns="http://schemas.microsoft.com/developer/msbuild/2003">
  <ItemGroup>
    <Filter Include="src">
      <UniqueIdentifier>{28805ff9-da42-48c1-bf17-20ba0b8b3130}</UniqueIdentifier>
    </Filter>
  </ItemGroup>
  <ItemGroup>
    <None Include="upstream\lib\joining-type.tab.i">
      <Filter>src</Filter>
    </None>
    <None Include="upstream\lib\mirroring.tab.i">
      <Filter>src</Filter>
    </None>
    <None Include="upstream\lib\bidi-type.tab.i">
      <Filter>src</Filter>
    </None>
    <None Include="upstream\lib\arabic-shaping.tab.i">
      <Filter>src</Filter>
    </None>
    <None Include="upstream\lib\arabic-misc.tab.i">
      <Filter>src</Filter>
    </None>
  </ItemGroup>
  <ItemGroup>
    <ClInclude Include="upstream\lib\fribidi-unicode-version.h">
      <Filter>src</Filter>
    </ClInclude>
    <ClInclude Include="upstream\lib\fribidi-bidi.h">
      <Filter>src</Filter>
    </ClInclude>
    <ClInclude Include="upstream\lib\common.h">
      <Filter>src</Filter>
    </ClInclude>
    <ClInclude Include="upstream\lib\fribidi-common.h">
      <Filter>src</Filter>
    </ClInclude>
    <ClInclude Include="upstream\lib\bidi-types.h">
      <Filter>src</Filter>
    </ClInclude>
    <ClInclude Include="upstream\lib\debug.h">
      <Filter>src</Filter>
    </ClInclude>
    <ClInclude Include="upstream\lib\fribidi.h">
      <Filter>src</Filter>
    </ClInclude>
    <ClInclude Include="upstream\lib\fribidi-arabic.h">
      <Filter>src</Filter>
    </ClInclude>
    <ClInclude Include="upstream\lib\fribidi-begindecls.h">
      <Filter>src</Filter>
    </ClInclude>
    <ClInclude Include="upstream\lib\fribidi-bidi-types.h">
      <Filter>src</Filter>
    </ClInclude>
    <ClInclude Include="upstream\lib\fribidi-bidi-types-list.h">
      <Filter>src</Filter>
    </ClInclude>
    <ClInclude Include="upstream\lib\fribidi-enddecls.h">
      <Filter>src</Filter>
    </ClInclude>
    <ClInclude Include="upstream\lib\fribidi-flags.h">
      <Filter>src</Filter>
    </ClInclude>
    <ClInclude Include="upstream\lib\fribidi-joining.h">
      <Filter>src</Filter>
    </ClInclude>
    <ClInclude Include="upstream\lib\fribidi-joining-types.h">
      <Filter>src</Filter>
    </ClInclude>
    <ClInclude Include="upstream\lib\fribidi-joining-types-list.h">
      <Filter>src</Filter>
    </ClInclude>
    <ClInclude Include="upstream\lib\fribidi-mirroring.h">
      <Filter>src</Filter>
    </ClInclude>
    <ClInclude Include="upstream\lib\fribidi-shape.h">
      <Filter>src</Filter>
    </ClInclude>
    <ClInclude Include="upstream\lib\fribidi-types.h">
      <Filter>src</Filter>
    </ClInclude>
    <ClInclude Include="upstream\lib\fribidi-unicode.h">
      <Filter>src</Filter>
    </ClInclude>
    <ClInclude Include="upstream\lib\joining-types.h">
      <Filter>src</Filter>
    </ClInclude>
    <ClInclude Include="upstream\lib\mem.h">
      <Filter>src</Filter>
    </ClInclude>
    <ClInclude Include="upstream\lib\run.h">
      <Filter>src</Filter>
    </ClInclude>
    <ClInclude Include="fribidi-config.h" />
  </ItemGroup>
  <ItemGroup>
    <ClCompile Include="upstream\lib\fribidi-bidi.c">
      <Filter>src</Filter>
    </ClCompile>
    <ClCompile Include="upstream\lib\fribidi.c">
      <Filter>src</Filter>
    </ClCompile>
    <ClCompile Include="upstream\lib\fribidi-arabic.c">
      <Filter>src</Filter>
    </ClCompile>
    <ClCompile Include="upstream\lib\fribidi-bidi-types.c">
      <Filter>src</Filter>
    </ClCompile>
    <ClCompile Include="upstream\lib\fribidi-joining.c">
      <Filter>src</Filter>
    </ClCompile>
    <ClCompile Include="upstream\lib\fribidi-joining-types.c">
      <Filter>src</Filter>
    </ClCompile>
    <ClCompile Include="upstream\lib\fribidi-mem.c">
      <Filter>src</Filter>
    </ClCompile>
    <ClCompile Include="upstream\lib\fribidi-mirroring.c">
      <Filter>src</Filter>
    </ClCompile>
    <ClCompile Include="upstream\lib\fribidi-run.c">
      <Filter>src</Filter>
    </ClCompile>
    <ClCompile Include="upstream\lib\fribidi-shape.c">
      <Filter>src</Filter>
    </ClCompile>
  </ItemGroup>
</Project>